
Microsoft Visual Studio Solution File, Format Version 12.00
# Visual Studio Version 16
VisualStudioVersion = 16.0.31911.196
MinimumVisualStudioVersion = 10.0.40219.1
Project("{FAE04EC0-301F-11D3-BF4B-00C04F79EFBC}") = "DoneMyHair", "DoneMyHair.csproj", "{D5FF3A6B-FAA4-4EEB-A2FA-1612D5B2E423}"
EndProject
Project("{FAE04EC0-301F-11D3-BF4B-00C04F79EFBC}") = "TestProgram", "..\TestProgram\TestProgram.csproj", "{4DE43241-7E51-4DDE-A5FE-75F42E93BEA7}"
EndProject
Global
	GlobalSection(SolutionConfigurationPlatforms) = preSolution
		Debug|Any CPU = Debug|Any CPU
		Release|Any CPU = Release|Any CPU
	EndGlobalSection
	GlobalSection(ProjectConfigurationPlatforms) = postSolution
		{D5FF3A6B-FAA4-4EEB-A2FA-1612D5B2E423}.Debug|Any CPU.ActiveCfg = Debug|Any CPU
		{D5FF3A6B-FAA4-4EEB-A2FA-1612D5B2E423}.Debug|Any CPU.Build.0 = Debug|Any CPU
		{D5FF3A6B-FAA4-4EEB-A2FA-1612D5B2E423}.Release|Any CPU.ActiveCfg = Release|Any CPU
		{D5FF3A6B-FAA4-4EEB-A2FA-1612D5B2E423}.Release|Any CPU.Build.0 = Release|Any CPU
		{4DE43241-7E51-4DDE-A5FE-75F42E93BEA7}.Debug|Any CPU.ActiveCfg = Debug|Any CPU
		{4DE43241-7E51-4DDE-A5FE-75F42E93BEA7}.Debug|Any CPU.Build.0 = Debug|Any CPU
		{4DE43241-7E51-4DDE-A5FE-75F42E93BEA7}.Release|Any CPU.ActiveCfg = Release|Any CPU
		{4DE43241-7E51-4DDE-A5FE-75F42E93BEA7}.Release|Any CPU.Build.0 = Release|Any CPU
	EndGlobalSection
	GlobalSection(SolutionProperties) = preSolution
		HideSolutionNode = FALSE
	EndGlobalSection
	GlobalSection(ExtensibilityGlobals) = postSolution
		SolutionGuid = {574E2CA3-7AAC-4669-924E-D5FFBC4731EC}
	EndGlobalSection
EndGlobal
